
Microsoft Visual Studio Solution File, Format Version 12.00
# Visual Studio Version 17
VisualStudioVersion = 17.11.35222.181
MinimumVisualStudioVersion = 10.0.40219.1
Project("{FAE04EC0-301F-11D3-BF4B-00C04F79EFBC}") = "LeetCode", "LeetCode\LeetCode.csproj", "{67F64367-34BE-4FCA-B996-46B2BB3E0150}"
EndProject
Global
	GlobalSection(SolutionConfigurationPlatforms) = preSolution
		Debug|Any CPU = Debug|Any CPU
		Release|Any CPU = Release|Any CPU
	EndGlobalSection
	GlobalSection(ProjectConfigurationPlatforms) = postSolution
		{67F64367-34BE-4FCA-B996-46B2BB3E0150}.Debug|Any CPU.ActiveCfg = Debug|Any CPU
		{67F64367-34BE-4FCA-B996-46B2BB3E0150}.Debug|Any CPU.Build.0 = Debug|Any CPU
		{67F64367-34BE-4FCA-B996-46B2BB3E0150}.Release|Any CPU.ActiveCfg = Release|Any CPU
		{67F64367-34BE-4FCA-B996-46B2BB3E0150}.Release|Any CPU.Build.0 = Release|Any CPU
	EndGlobalSection
	GlobalSection(SolutionProperties) = preSolution
		HideSolutionNode = FALSE
	EndGlobalSection
	GlobalSection(ExtensibilityGlobals) = postSolution
		SolutionGuid = {5CDAD0D2-7134-42BB-AA6C-4477917A8490}
	EndGlobalSection
EndGlobal
